# @generated - this file is auto-generated by `mise lock` https://mise.jdx.dev/dev-tools/mise-lock.html

lockfile_version = 3

[[tools.actionlint]]
version = "1.7.12"
backend = "aqua:rhysd/actionlint"
specifiers = ["1.7.12"]

[tools.actionlint."platforms.linux-arm64"]
checksum = "sha256:325e971b6ba9bfa504672e29be93c24981eeb1c07576d730e9f7c8805afff0c6"
url = "https://github.com/rhysd/actionlint/releases/download/v1.7.12/actionlint_1.7.12_linux_arm64.tar.gz"
url_api = "https://api.github.com/repos/rhysd/actionlint/releases/assets/384924897"
provenance = "github-attestations"

[tools.actionlint."platforms.linux-x64"]
checksum = "sha256:8aca8db96f1b94770f1b0d72b6dddcb1ebb8123cb3712530b08cc387b349a3d8"
url = "https://github.com/rhysd/actionlint/releases/download/v1.7.12/actionlint_1.7.12_linux_amd64.tar.gz"
url_api = "https://api.github.com/repos/rhysd/actionlint/releases/assets/384924896"
provenance = "github-attestations"

[[tools.apko]]
version = "1.4.5"
backend = "aqua:chainguard-dev/apko"
specifiers = ["1.4.5"]

[tools.apko."platforms.linux-arm64"]
checksum = "sha256:82be1104509fc80aef44a498a828195799aec2a03bfd9d5b4375c94b7be99140"
url = "https://github.com/chainguard-dev/apko/releases/download/v1.4.5/apko_1.4.5_linux_arm64.tar.gz"
url_api = "https://api.github.com/repos/chainguard-dev/apko/releases/assets/594116493"

[tools.apko."platforms.linux-x64"]
checksum = "sha256:d3393e89c7d5230a3f93eac13f3e9462ef41f5ae4673023f297583bc9c913762"
url = "https://github.com/chainguard-dev/apko/releases/download/v1.4.5/apko_1.4.5_linux_amd64.tar.gz"
url_api = "https://api.github.com/repos/chainguard-dev/apko/releases/assets/594116454"

[[tools.cargo-deny]]
version = "0.20.2"
backend = "aqua:EmbarkStudios/cargo-deny"
specifiers = ["0.20.2"]

[tools.cargo-deny."platforms.linux-arm64"]
checksum = "sha256:995c82be0defc7a025cae49a2aa2644ce8245c9a3318fc4103907c6a285e8c7d"
url = "https://github.com/EmbarkStudios/cargo-deny/releases/download/0.20.2/cargo-deny-0.20.2-aarch64-unknown-linux-musl.tar.gz"
url_api = "https://api.github.com/repos/EmbarkStudios/cargo-deny/releases/assets/471598345"

[tools.cargo-deny."platforms.linux-x64"]
checksum = "sha256:9f12ed4c49936e09b48bf862b595cde2fe64fcbd9d74dfacac6131ca824c8d5f"
url = "https://github.com/EmbarkStudios/cargo-deny/releases/download/0.20.2/cargo-deny-0.20.2-x86_64-unknown-linux-musl.tar.gz"
url_api = "https://api.github.com/repos/EmbarkStudios/cargo-deny/releases/assets/471598214"

[[tools."cargo:cargo-auditable"]]
version = "0.7.6"
backend = "cargo:cargo-auditable"
specifiers = ["0.7.6"]

[[tools.cosign]]
version = "3.1.3"
backend = "aqua:sigstore/cosign"
specifiers = ["3.1.3"]

[tools.cosign."platforms.linux-arm64"]
checksum = "sha256:c5d324e091826b0d7a78eb16fef316450b4eb9aaec045611c08ba06f5e73220a"
url = "https://github.com/sigstore/cosign/releases/download/v3.1.3/cosign-linux-arm64"
url_api = "https://api.github.com/repos/sigstore/cosign/releases/assets/503286299"
provenance = "cosign"

[tools.cosign."platforms.linux-x64"]
checksum = "sha256:4629c757b7618056f8ddd7e2625ae9fdd94c0372a65049520bc7d9df9efc7f71"
url = "https://github.com/sigstore/cosign/releases/download/v3.1.3/cosign-linux-amd64"
url_api = "https://api.github.com/repos/sigstore/cosign/releases/assets/503286005"
provenance = "cosign"

[[tools.gitleaks]]
version = "8.30.1"
backend = "aqua:gitleaks/gitleaks"
specifiers = ["8.30.1"]

[tools.gitleaks."platforms.linux-arm64"]
checksum = "sha256:e4a487ee7ccd7d3a7f7ec08657610aa3606637dab924210b3aee62570fb4b080"
url = "https://github.com/gitleaks/gitleaks/releases/download/v8.30.1/gitleaks_8.30.1_linux_arm64.tar.gz"
url_api = "https://api.github.com/repos/gitleaks/gitleaks/releases/assets/378332057"

[tools.gitleaks."platforms.linux-x64"]
checksum = "sha256:551f6fc83ea457d62a0d98237cbad105af8d557003051f41f3e7ca7b3f2470eb"
url = "https://github.com/gitleaks/gitleaks/releases/download/v8.30.1/gitleaks_8.30.1_linux_x64.tar.gz"
url_api = "https://api.github.com/repos/gitleaks/gitleaks/releases/assets/378332058"

[[tools.grype]]
version = "0.119.0"
backend = "aqua:anchore/grype"
specifiers = ["0.119.0"]

[tools.grype."platforms.linux-arm64"]
checksum = "sha256:29f0ec7c549ddb0e2b6a0ca714851f7399438afc399b80c12808e065edc9a8f8"
url = "https://github.com/anchore/grype/releases/download/v0.119.0/grype_0.119.0_linux_arm64.tar.gz"
url_api = "https://api.github.com/repos/anchore/grype/releases/assets/570620605"

[tools.grype."platforms.linux-x64"]
checksum = "sha256:3fa2dc4b924621ab65404cf08d0b8438d896d80ab949c9d5a4ca283c36004c9b"
url = "https://github.com/anchore/grype/releases/download/v0.119.0/grype_0.119.0_linux_amd64.tar.gz"
url_api = "https://api.github.com/repos/anchore/grype/releases/assets/570620608"

[[tools.hadolint]]
version = "2.15.1"
backend = "aqua:hadolint/hadolint"
specifiers = ["2.15.1"]

[tools.hadolint."platforms.linux-arm64"]
checksum = "sha256:f6198ef8090f404dbb771abfee086eb8c48ac177f30da7fd3510aca35b344b5d"
url = "https://github.com/hadolint/hadolint/releases/download/v2.15.1/hadolint-linux-arm64"
url_api = "https://api.github.com/repos/hadolint/hadolint/releases/assets/496546507"
provenance = "github-attestations"

[tools.hadolint."platforms.linux-x64"]
checksum = "sha256:c7187db94eeeeca956519a6af171adc31453941a1e777961f6e680f697c8c507"
url = "https://github.com/hadolint/hadolint/releases/download/v2.15.1/hadolint-linux-x86_64"
url_api = "https://api.github.com/repos/hadolint/hadolint/releases/assets/496546506"
provenance = "github-attestations"

[[tools.just]]
version = "1.58.0"
backend = "aqua:casey/just"
specifiers = ["1.58.0"]

[tools.just."platforms.linux-arm64"]
checksum = "sha256:748237128c4c40cbdabc65e841d05ceba13cc23a91eaba395495894c1d9764df"
url = "https://github.com/casey/just/releases/download/1.58.0/just-1.58.0-aarch64-unknown-linux-musl.tar.gz"
url_api = "https://api.github.com/repos/casey/just/releases/assets/500510099"

[tools.just."platforms.linux-x64"]
checksum = "sha256:4a5cc2f53e6f0f8c59092a6cc38291eb729d46a7dd95d3ae582008881b84931d"
url = "https://github.com/casey/just/releases/download/1.58.0/just-1.58.0-x86_64-unknown-linux-musl.tar.gz"
url_api = "https://api.github.com/repos/casey/just/releases/assets/500509978"

[[tools.melange]]
version = "0.61.1"
backend = "aqua:chainguard-dev/melange"
specifiers = ["0.61.1"]

[tools.melange."platforms.linux-arm64"]
checksum = "sha256:5a78410af9e0ce388a5f1f9e683decb55ee247979d07fee137d25c5f6c5d09c8"
url = "https://github.com/chainguard-dev/melange/releases/download/v0.61.1/melange_0.61.1_linux_arm64.tar.gz"
url_api = "https://api.github.com/repos/chainguard-dev/melange/releases/assets/577865054"

[tools.melange."platforms.linux-x64"]
checksum = "sha256:4f2d104f1149e4bcf63c7f7a71deeae385d453c3bdf0f987c9c2d16a2efdd7da"
url = "https://github.com/chainguard-dev/melange/releases/download/v0.61.1/melange_0.61.1_linux_amd64.tar.gz"
url_api = "https://api.github.com/repos/chainguard-dev/melange/releases/assets/577865091"

[[tools.pre-commit]]
version = "4.6.2"
backend = "aqua:pre-commit/pre-commit"
specifiers = ["4.6.2"]

[tools.pre-commit."platforms.linux-arm64"]
checksum = "sha256:43c09a73d82af8efff09900e60d76d67a2c3d990613c3c770b2b5c4418a16c4b"
url = "https://github.com/pre-commit/pre-commit/releases/download/v4.6.2/pre-commit-4.6.2.pyz"
url_api = "https://api.github.com/repos/pre-commit/pre-commit/releases/assets/509317714"

[tools.pre-commit."platforms.linux-x64"]
checksum = "sha256:43c09a73d82af8efff09900e60d76d67a2c3d990613c3c770b2b5c4418a16c4b"
url = "https://github.com/pre-commit/pre-commit/releases/download/v4.6.2/pre-commit-4.6.2.pyz"
url_api = "https://api.github.com/repos/pre-commit/pre-commit/releases/assets/509317714"

[[tools.shellcheck]]
version = "0.11.0"
backend = "aqua:koalaman/shellcheck"
specifiers = ["0.11.0"]

[tools.shellcheck."platforms.linux-arm64"]
checksum = "sha256:12b331c1d2db6b9eb13cfca64306b1b157a86eb69db83023e261eaa7e7c14588"
url = "https://github.com/koalaman/shellcheck/releases/download/v0.11.0/shellcheck-v0.11.0.linux.aarch64.tar.xz"
url_api = "https://api.github.com/repos/koalaman/shellcheck/releases/assets/279056934"

[tools.shellcheck."platforms.linux-x64"]
checksum = "sha256:8c3be12b05d5c177a04c29e3c78ce89ac86f1595681cab149b65b97c4e227198"
url = "https://github.com/koalaman/shellcheck/releases/download/v0.11.0/shellcheck-v0.11.0.linux.x86_64.tar.xz"
url_api = "https://api.github.com/repos/koalaman/shellcheck/releases/assets/279056942"

[[tools.taplo]]
version = "0.10.0"
backend = "aqua:tamasfe/taplo"
specifiers = ["0.10.0"]

[tools.taplo."platforms.linux-arm64"]
url = "https://github.com/tamasfe/taplo/releases/download/0.10.0/taplo-linux-aarch64.gz"
url_api = "https://api.github.com/repos/tamasfe/taplo/releases/assets/257322597"

[tools.taplo."platforms.linux-x64"]
checksum = "blake3:4871fab0e60275a1eb46e7190726e144f56c9a9527f59b0d1da5a042baead8e2"
url = "https://github.com/tamasfe/taplo/releases/download/0.10.0/taplo-linux-x86_64.gz"
url_api = "https://api.github.com/repos/tamasfe/taplo/releases/assets/257322600"

[[tools.trivy]]
version = "0.74.0"
backend = "aqua:aquasecurity/trivy"
specifiers = ["0.74.0"]

[tools.trivy."platforms.linux-arm64"]
checksum = "sha256:b94ce1976bbf3c15b514b605ee88be7c6d94a29be2302847ff01cb794d47aad5"
url = "https://github.com/aquasecurity/trivy/releases/download/v0.74.0/trivy_0.74.0_Linux-ARM64.tar.gz"
url_api = "https://api.github.com/repos/aquasecurity/trivy/releases/assets/514339429"
provenance = "cosign"

[tools.trivy."platforms.linux-x64"]
checksum = "sha256:2ae6fe3ee734b7fdf11335663e18c75ea12dccc76062f09f164a3b0f8be4371a"
url = "https://github.com/aquasecurity/trivy/releases/download/v0.74.0/trivy_0.74.0_Linux-64bit.tar.gz"
url_api = "https://api.github.com/repos/aquasecurity/trivy/releases/assets/514339431"
provenance = "cosign"

[[tools.typos]]
version = "1.50.3"
backend = "aqua:crate-ci/typos"
specifiers = ["1.50.3"]

[tools.typos."platforms.linux-arm64"]
checksum = "sha256:456f9fe7aa6e7c1597879f5e951d7de2fab261a9ca05f16f324f896c806c55db"
url = "https://github.com/crate-ci/typos/releases/download/v1.50.3/typos-v1.50.3-aarch64-unknown-linux-musl.tar.gz"
url_api = "https://api.github.com/repos/crate-ci/typos/releases/assets/588999780"

[tools.typos."platforms.linux-x64"]
checksum = "sha256:aca6b5d546307092b8d0a8e0a89dd80f9da51f2f7617c5e45c5607c1684ffbf2"
url = "https://github.com/crate-ci/typos/releases/download/v1.50.3/typos-v1.50.3-x86_64-unknown-linux-musl.tar.gz"
url_api = "https://api.github.com/repos/crate-ci/typos/releases/assets/589000924"

[[tools.uv]]
version = "0.12.22"
backend = "aqua:astral-sh/uv"
specifiers = ["0.12.22"]

[tools.uv."platforms.linux-arm64"]
checksum = "sha256:6f66a14e8239871fb477f9746c941fedfa77e8fe28a8bc7c07e1dc7f53a66712"
url = "https://github.com/astral-sh/uv/releases/download/0.12.22/uv-aarch64-unknown-linux-gnu.tar.gz"
url_api = "https://api.github.com/repos/astral-sh/uv/releases/assets/604418317"
provenance = "github-attestations"

[tools.uv."platforms.linux-x64"]
checksum = "sha256:b9980552309f09c15172b8be828555e375097f16deb459795ce7bfd200380f0b"
url = "https://github.com/astral-sh/uv/releases/download/0.12.22/uv-x86_64-unknown-linux-gnu.tar.gz"
url_api = "https://api.github.com/repos/astral-sh/uv/releases/assets/604418465"
provenance = "github-attestations"

[[tools.yamllint]]
version = "1.38.0"
backend = "pypi:yamllint"
specifiers = ["1.38.0"]
uv = { path = ".mise/locks/yamllint/1.38.0", digest = "sha256:c4676dd9ce164d3b10f2b1be3fe658dda086fc6a21b52fdfe19110a3a3187bfa" }

[[tools.zizmor]]
version = "1.30.1"
backend = "aqua:zizmorcore/zizmor"
specifiers = ["1.30.1"]

[tools.zizmor."platforms.linux-arm64"]
checksum = "sha256:7ff1dce33bdd18fd2a4affe63bdd47efcccca97b2cec1c1863ec26e9e2647540"
url = "https://github.com/zizmorcore/zizmor/releases/download/v1.30.1/zizmor-aarch64-unknown-linux-gnu.tar.gz"
url_api = "https://api.github.com/repos/zizmorcore/zizmor/releases/assets/552067643"
provenance = "github-attestations"

[tools.zizmor."platforms.linux-x64"]
checksum = "sha256:e65324f4430c2717591937edcec90ccbefaf14c174f8ec9415e03ca875b46e1a"
url = "https://github.com/zizmorcore/zizmor/releases/download/v1.30.1/zizmor-x86_64-unknown-linux-gnu.tar.gz"
url_api = "https://api.github.com/repos/zizmorcore/zizmor/releases/assets/552067642"
provenance = "github-attestations"
